
Microsoft Visual Studio Solution File, Format Version 12.00
# Visual Studio 2012
Project("{FAE04EC0-301F-11D3-BF4B-00C04F79EFBC}") = "EventsAndDelegates", "EventsAndDelegates\EventsAndDelegates.csproj", "{2A6D4324-D01D-4367-8EC6-4F1F058C3857}"
EndProject
Project("{FAE04EC0-301F-11D3-BF4B-00C04F79EFBC}") = "ActionOrEventHandler", "ActionOrEventHandler\ActionOrEventHandler.csproj", "{27FE6364-2901-4B84-AA04-B75B8173086E}"
EndProject
Global
	GlobalSection(SolutionConfigurationPlatforms) = preSolution
		Debug|Any CPU = Debug|Any CPU
		Release|Any CPU = Release|Any CPU
	EndGlobalSection
	GlobalSection(ProjectConfigurationPlatforms) = postSolution
		{2A6D4324-D01D-4367-8EC6-4F1F058C3857}.Debug|Any CPU.ActiveCfg = Debug|Any CPU
		{2A6D4324-D01D-4367-8EC6-4F1F058C3857}.Debug|Any CPU.Build.0 = Debug|Any CPU
		{2A6D4324-D01D-4367-8EC6-4F1F058C3857}.Release|Any CPU.ActiveCfg = Release|Any CPU
		{2A6D4324-D01D-4367-8EC6-4F1F058C3857}.Release|Any CPU.Build.0 = Release|Any CPU
		{27FE6364-2901-4B84-AA04-B75B8173086E}.Debug|Any CPU.ActiveCfg = Debug|Any CPU
		{27FE6364-2901-4B84-AA04-B75B8173086E}.Debug|Any CPU.Build.0 = Debug|Any CPU
		{27FE6364-2901-4B84-AA04-B75B8173086E}.Release|Any CPU.ActiveCfg = Release|Any CPU
		{27FE6364-2901-4B84-AA04-B75B8173086E}.Release|Any CPU.Build.0 = Release|Any CPU
	EndGlobalSection
	GlobalSection(SolutionProperties) = preSolution
		HideSolutionNode = FALSE
	EndGlobalSection
EndGlobal
